{
  "requires": true,
  "lockfileVersion": 1,
  "dependencies": {
    "atob": {
      "version": "2.1.2",
      "resolved": "https://registry.npmjs.org/atob/-/atob-2.1.2.tgz",
      "integrity": "sha512-Wm6ukoaOGJi/73p/cl2GvLjTI5JM1k/O14isD73YML8StrH/7/lRFgmg8nICZgD3bZZvjwCGxtMOD3wWNAu8cg=="
    },
    "jsencrypt": {
      "version": "3.0.0-rc.1",
      "resolved": "https://registry.npmjs.org/jsencrypt/-/jsencrypt-3.0.0-rc.1.tgz",
      "integrity": "sha512-gcvGaqerlUJy1Kq6tNgPYteVEoWNemu+9hBe2CdsCIz4rVcwjoTQ72iD1W76/PRMlnkzG0yVh7nwOOMOOUfKmg=="
    },
    "node-forge": {
      "version": "0.9.1",
      "resolved": "https://registry.npmjs.org/node-forge/-/node-forge-0.9.1.tgz",
      "integrity": "sha512-G6RlQt5Sb4GMBzXvhfkeFmbqR6MzhtnT7VTHuLadjkii3rdYHNdw0m8zA4BTxVIh68FicCQ2NSUANpsqkr9jvQ=="
    }
  }
}
